// !$*UTF8*$!
{
	archiveVersion = 1;
	classes = {
	};
	objectVersion = 46;
	objects = {

/* Begin PBXBuildFile section */
		32578E081B06348600481318 /* AppDelegate.swift in Sources */ = {isa = PBXBuildFile; fileRef = 32578E071B06348600481318 /* AppDelegate.swift */; };
		32578E0A1B06348600481318 /* ViewController.swift in Sources */ = {isa = PBXBuildFile; fileRef = 32578E091B06348600481318 /* ViewController.swift */; };
		32578E0D1B06348600481318 /* Main.storyboard in Resources */ = {isa = PBXBuildFile; fileRef = 32578E0B1B06348600481318 /* Main.storyboard */; };
		32578E0F1B06348600481318 /* Images.xcassets in Resources */ = {isa = PBXBuildFile; fileRef = 32578E0E1B06348600481318 /* Images.xcassets */; };
		32578E121B06348600481318 /* LaunchScreen.xib in Resources */ = {isa = PBXBuildFile; fileRef = 32578E101B06348600481318 /* LaunchScreen.xib */; };
		32578E1E1B06348600481318 /* DemoWeatherTests.swift in Sources */ = {isa = PBXBuildFile; fileRef = 32578E1D1B06348600481318 /* DemoWeatherTests.swift */; };
		32578E2A1B06356600481318 /* RobotoCondensedBold.ttf in Resources */ = {isa = PBXBuildFile; fileRef = 32578E271B06356600481318 /* RobotoCondensedBold.ttf */; };
		32578E2B1B06356600481318 /* RobotoCondensedLight.ttf in Resources */ = {isa = PBXBuildFile; fileRef = 32578E281B06356600481318 /* RobotoCondensedLight.ttf */; };
		32578E2C1B06356600481318 /* RobotoCondensedRegular.ttf in Resources */ = {isa = PBXBuildFile; fileRef = 32578E291B06356600481318 /* RobotoCondensedRegular.ttf */; };
		32578E3D1B063D2500481318 /* WeatherDataKit.h in Headers */ = {isa = PBXBuildFile; fileRef = 32578E3C1B063D2500481318 /* WeatherDataKit.h */; settings = {ATTRIBUTES = (Public, ); }; };
		32578E431B063D2600481318 /* WeatherDataKit.framework in Frameworks */ = {isa = PBXBuildFile; fileRef = 32578E381B063D2500481318 /* WeatherDataKit.framework */; };
		32578E4C1B063D2600481318 /* WeatherDataKitTests.swift in Sources */ = {isa = PBXBuildFile; fileRef = 32578E4B1B063D2600481318 /* WeatherDataKitTests.swift */; };
		32578E4F1B063D2600481318 /* WeatherDataKit.framework in Frameworks */ = {isa = PBXBuildFile; fileRef = 32578E381B063D2500481318 /* WeatherDataKit.framework */; };
		32578E501B063D2600481318 /* WeatherDataKit.framework in Embed Frameworks */ = {isa = PBXBuildFile; fileRef = 32578E381B063D2500481318 /* WeatherDataKit.framework */; settings = {ATTRIBUTES = (CodeSignOnCopy, RemoveHeadersOnCopy, ); }; };
		32578E5B1B063D5A00481318 /* WeatherData.swift in Sources */ = {isa = PBXBuildFile; fileRef = 32578E581B063D5A00481318 /* WeatherData.swift */; };
		32578E5C1B063D5A00481318 /* WeatherDataViewController.swift in Sources */ = {isa = PBXBuildFile; fileRef = 32578E591B063D5A00481318 /* WeatherDataViewController.swift */; };
		32578E5D1B063D5A00481318 /* WeatherService.swift in Sources */ = {isa = PBXBuildFile; fileRef = 32578E5A1B063D5A00481318 /* WeatherService.swift */; };
		32578E691B063FC300481318 /* NotificationCenter.framework in Frameworks */ = {isa = PBXBuildFile; fileRef = 32578E681B063FC300481318 /* NotificationCenter.framework */; };
		32578E6E1B063FC300481318 /* TodayViewController.swift in Sources */ = {isa = PBXBuildFile; fileRef = 32578E6D1B063FC300481318 /* TodayViewController.swift */; };
		32578E701B063FC300481318 /* MainInterface.storyboard in Resources */ = {isa = PBXBuildFile; fileRef = 32578E6F1B063FC300481318 /* MainInterface.storyboard */; };
		32578E731B063FC300481318 /* Weather Widget.appex in Embed App Extensions */ = {isa = PBXBuildFile; fileRef = 32578E661B063FC200481318 /* Weather Widget.appex */; settings = {ATTRIBUTES = (RemoveHeadersOnCopy, ); }; };
		32578E781B06412800481318 /* Images.xcassets in Resources */ = {isa = PBXBuildFile; fileRef = 32578E0E1B06348600481318 /* Images.xcassets */; };
		32578E791B0645BE00481318 /* WeatherDataKit.framework in Frameworks */ = {isa = PBXBuildFile; fileRef = 32578E381B063D2500481318 /* WeatherDataKit.framework */; };
/* End PBXBuildFile section */

/* Begin PBXContainerItemProxy section */
		32578E181B06348600481318 /* PBXContainerItemProxy */ = {
			isa = PBXContainerItemProxy;
			containerPortal = 32578DFA1B06348600481318 /* Project object */;
			proxyType = 1;
			remoteGlobalIDString = 32578E011B06348600481318;
			remoteInfo = DemoWeather;
		};
		32578E441B063D2600481318 /* PBXContainerItemProxy */ = {
			isa = PBXContainerItemProxy;
			containerPortal = 32578DFA1B06348600481318 /* Project object */;
			proxyType = 1;
			remoteGlobalIDString = 32578E371B063D2500481318;
			remoteInfo = WeatherDataKit;
		};
		32578E461B063D2600481318 /* PBXContainerItemProxy */ = {
			isa = PBXContainerItemProxy;
			containerPortal = 32578DFA1B06348600481318 /* Project object */;
			proxyType = 1;
			remoteGlobalIDString = 32578E011B06348600481318;
			remoteInfo = DemoWeather;
		};
		32578E4D1B063D2600481318 /* PBXContainerItemProxy */ = {
			isa = PBXContainerItemProxy;
			containerPortal = 32578DFA1B06348600481318 /* Project object */;
			proxyType = 1;
			remoteGlobalIDString = 32578E371B063D2500481318;
			remoteInfo = WeatherDataKit;
		};
		32578E711B063FC300481318 /* PBXContainerItemProxy */ = {
			isa = PBXContainerItemProxy;
			containerPortal = 32578DFA1B06348600481318 /* Project object */;
			proxyType = 1;
			remoteGlobalIDString = 32578E651B063FC200481318;
			remoteInfo = "Weather Widget";
		};
/* End PBXContainerItemProxy section */

/* Begin PBXCopyFilesBuildPhase section */
		32578E541B063D2600481318 /* Embed Frameworks */ = {
			isa = PBXCopyFilesBuildPhase;
			buildActionMask = 2147483647;
			dstPath = "";
			dstSubfolderSpec = 10;
			files = (
				32578E501B063D2600481318 /* WeatherDataKit.framework in Embed Frameworks */,
			);
			name = "Embed Frameworks";
			runOnlyForDeploymentPostprocessing = 0;
		};
		32578E771B063FC300481318 /* Embed App Extensions */ = {
			isa = PBXCopyFilesBuildPhase;
			buildActionMask = 2147483647;
			dstPath = "";
			dstSubfolderSpec = 13;
			files = (
				32578E731B063FC300481318 /* Weather Widget.appex in Embed App Extensions */,
			);
			name = "Embed App Extensions";
			runOnlyForDeploymentPostprocessing = 0;
		};
/* End PBXCopyFilesBuildPhase section */

/* Begin PBXFileReference section */
		32578E021B06348600481318 /* DemoWeather.app */ = {isa = PBXFileReference; explicitFileType = wrapper.application; includeInIndex = 0; path = DemoWeather.app; sourceTree = BUILT_PRODUCTS_DIR; };
		32578E061B06348600481318 /* Info.plist */ = {isa = PBXFileReference; lastKnownFileType = text.plist.xml; path = Info.plist; sourceTree = "<group>"; };
		32578E071B06348600481318 /* AppDelegate.swift */ = {isa = PBXFileReference; lastKnownFileType = sourcecode.swift; path = AppDelegate.swift; sourceTree = "<group>"; };
		32578E091B06348600481318 /* ViewController.swift */ = {isa = PBXFileReference; lastKnownFileType = sourcecode.swift; path = ViewController.swift; sourceTree = "<group>"; };
		32578E0C1B06348600481318 /* Base */ = {isa = PBXFileReference; lastKnownFileType = file.storyboard; name = Base; path = Base.lproj/Main.storyboard; sourceTree = "<group>"; };
		32578E0E1B06348600481318 /* Images.xcassets */ = {isa = PBXFileReference; lastKnownFileType = folder.assetcatalog; path = Images.xcassets; sourceTree = "<group>"; };
		32578E111B06348600481318 /* Base */ = {isa = PBXFileReference; lastKnownFileType = file.xib; name = Base; path = Base.lproj/LaunchScreen.xib; sourceTree = "<group>"; };
		32578E171B06348600481318 /* DemoWeatherTests.xctest */ = {isa = PBXFileReference; explicitFileType = wrapper.cfbundle; includeInIndex = 0; path = DemoWeatherTests.xctest; sourceTree = BUILT_PRODUCTS_DIR; };
		32578E1C1B06348600481318 /* Info.plist */ = {isa = PBXFileReference; lastKnownFileType = text.plist.xml; path = Info.plist; sourceTree = "<group>"; };
		32578E1D1B06348600481318 /* DemoWeatherTests.swift */ = {isa = PBXFileReference; lastKnownFileType = sourcecode.swift; path = DemoWeatherTests.swift; sourceTree = "<group>"; };
		32578E271B06356600481318 /* RobotoCondensedBold.ttf */ = {isa = PBXFileReference; lastKnownFileType = file; path = RobotoCondensedBold.ttf; sourceTree = "<group>"; };
		32578E281B06356600481318 /* RobotoCondensedLight.ttf */ = {isa = PBXFileReference; lastKnownFileType = file; path = RobotoCondensedLight.ttf; sourceTree = "<group>"; };
		32578E291B06356600481318 /* RobotoCondensedRegular.ttf */ = {isa = PBXFileReference; lastKnownFileType = file; path = RobotoCondensedRegular.ttf; sourceTree = "<group>"; };
		32578E381B063D2500481318 /* WeatherDataKit.framework */ = {isa = PBXFileReference; explicitFileType = wrapper.framework; includeInIndex = 0; path = WeatherDataKit.framework; sourceTree = BUILT_PRODUCTS_DIR; };
		32578E3B1B063D2500481318 /* Info.plist */ = {isa = PBXFileReference; lastKnownFileType = text.plist.xml; path = Info.plist; sourceTree = "<group>"; };
		32578E3C1B063D2500481318 /* WeatherDataKit.h */ = {isa = PBXFileReference; lastKnownFileType = sourcecode.c.h; path = WeatherDataKit.h; sourceTree = "<group>"; };
		32578E421B063D2600481318 /* WeatherDataKitTests.xctest */ = {isa = PBXFileReference; explicitFileType = wrapper.cfbundle; includeInIndex = 0; path = WeatherDataKitTests.xctest; sourceTree = BUILT_PRODUCTS_DIR; };
		32578E4A1B063D2600481318 /* Info.plist */ = {isa = PBXFileReference; lastKnownFileType = text.plist.xml; path = Info.plist; sourceTree = "<group>"; };
		32578E4B1B063D2600481318 /* WeatherDataKitTests.swift */ = {isa = PBXFileReference; lastKnownFileType = sourcecode.swift; path = WeatherDataKitTests.swift; sourceTree = "<group>"; };
		32578E581B063D5A00481318 /* WeatherData.swift */ = {isa = PBXFileReference; fileEncoding = 4; lastKnownFileType = sourcecode.swift; path = WeatherData.swift; sourceTree = "<group>"; };
		32578E591B063D5A00481318 /* WeatherDataViewController.swift */ = {isa = PBXFileReference; fileEncoding = 4; lastKnownFileType = sourcecode.swift; path = WeatherDataViewController.swift; sourceTree = "<group>"; };
		32578E5A1B063D5A00481318 /* WeatherService.swift */ = {isa = PBXFileReference; fileEncoding = 4; lastKnownFileType = sourcecode.swift; path = WeatherService.swift; sourceTree = "<group>"; };
		32578E661B063FC200481318 /* Weather Widget.appex */ = {isa = PBXFileReference; explicitFileType = "wrapper.app-extension"; includeInIndex = 0; path = "Weather Widget.appex"; sourceTree = BUILT_PRODUCTS_DIR; };
		32578E681B063FC300481318 /* NotificationCenter.framework */ = {isa = PBXFileReference; lastKnownFileType = wrapper.framework; name = NotificationCenter.framework; path = System/Library/Frameworks/NotificationCenter.framework; sourceTree = SDKROOT; };
		32578E6C1B063FC300481318 /* Info.plist */ = {isa = PBXFileReference; lastKnownFileType = text.plist.xml; path = Info.plist; sourceTree = "<group>"; };
		32578E6D1B063FC300481318 /* TodayViewController.swift */ = {isa = PBXFileReference; lastKnownFileType = sourcecode.swift; path = TodayViewController.swift; sourceTree = "<group>"; };
		32578E6F1B063FC300481318 /* MainInterface.storyboard */ = {isa = PBXFileReference; lastKnownFileType = file.storyboard; path = MainInterface.storyboard; sourceTree = "<group>"; };
/* End PBXFileReference section */

/* Begin PBXFrameworksBuildPhase section */
		32578DFF1B06348600481318 /* Frameworks */ = {
			isa = PBXFrameworksBuildPhase;
			buildActionMask = 2147483647;
			files = (
				32578E4F1B063D2600481318 /* WeatherDataKit.framework in Frameworks */,
			);
			runOnlyForDeploymentPostprocessing = 0;
		};
		32578E141B06348600481318 /* Frameworks */ = {
			isa = PBXFrameworksBuildPhase;
			buildActionMask = 2147483647;
			files = (
			);
			runOnlyForDeploymentPostprocessing = 0;
		};
		32578E341B063D2500481318 /* Frameworks */ = {
			isa = PBXFrameworksBuildPhase;
			buildActionMask = 2147483647;
			files = (
			);
			runOnlyForDeploymentPostprocessing = 0;
		};
		32578E3F1B063D2600481318 /* Frameworks */ = {
			isa = PBXFrameworksBuildPhase;
			buildActionMask = 2147483647;
			files = (
				32578E431B063D2600481318 /* WeatherDataKit.framework in Frameworks */,
			);
			runOnlyForDeploymentPostprocessing = 0;
		};
		32578E631B063FC200481318 /* Frameworks */ = {
			isa = PBXFrameworksBuildPhase;
			buildActionMask = 2147483647;
			files = (
				32578E791B0645BE00481318 /* WeatherDataKit.framework in Frameworks */,
				32578E691B063FC300481318 /* NotificationCenter.framework in Frameworks */,
			);
			runOnlyForDeploymentPostprocessing = 0;
		};
/* End PBXFrameworksBuildPhase section */

/* Begin PBXGroup section */
		32578DF91B06348600481318 = {
			isa = PBXGroup;
			children = (
				32578E041B06348600481318 /* DemoWeather */,
				32578E1A1B06348600481318 /* DemoWeatherTests */,
				32578E391B063D2500481318 /* WeatherDataKit */,
				32578E481B063D2600481318 /* WeatherDataKitTests */,
				32578E6A1B063FC300481318 /* Weather Widget */,
				32578E671B063FC300481318 /* Frameworks */,
				32578E031B06348600481318 /* Products */,
			);
			sourceTree = "<group>";
		};
		32578E031B06348600481318 /* Products */ = {
			isa = PBXGroup;
			children = (
				32578E021B06348600481318 /* DemoWeather.app */,
				32578E171B06348600481318 /* DemoWeatherTests.xctest */,
				32578E381B063D2500481318 /* WeatherDataKit.framework */,
				32578E421B063D2600481318 /* WeatherDataKitTests.xctest */,
				32578E661B063FC200481318 /* Weather Widget.appex */,
			);
			name = Products;
			sourceTree = "<group>";
		};
		32578E041B06348600481318 /* DemoWeather */ = {
			isa = PBXGroup;
			children = (
				32578E071B06348600481318 /* AppDelegate.swift */,
				32578E091B06348600481318 /* ViewController.swift */,
				32578E0B1B06348600481318 /* Main.storyboard */,
				32578E0E1B06348600481318 /* Images.xcassets */,
				32578E101B06348600481318 /* LaunchScreen.xib */,
				32578E051B06348600481318 /* Supporting Files */,
			);
			path = DemoWeather;
			sourceTree = "<group>";
		};
		32578E051B06348600481318 /* Supporting Files */ = {
			isa = PBXGroup;
			children = (
				32578E271B06356600481318 /* RobotoCondensedBold.ttf */,
				32578E281B06356600481318 /* RobotoCondensedLight.ttf */,
				32578E291B06356600481318 /* RobotoCondensedRegular.ttf */,
				32578E061B06348600481318 /* Info.plist */,
			);
			name = "Supporting Files";
			sourceTree = "<group>";
		};
		32578E1A1B06348600481318 /* DemoWeatherTests */ = {
			isa = PBXGroup;
			children = (
				32578E1D1B06348600481318 /* DemoWeatherTests.swift */,
				32578E1B1B06348600481318 /* Supporting Files */,
			);
			path = DemoWeatherTests;
			sourceTree = "<group>";
		};
		32578E1B1B06348600481318 /* Supporting Files */ = {
			isa = PBXGroup;
			children = (
				32578E1C1B06348600481318 /* Info.plist */,
			);
			name = "Supporting Files";
			sourceTree = "<group>";
		};
		32578E391B063D2500481318 /* WeatherDataKit */ = {
			isa = PBXGroup;
			children = (
				32578E5E1B063DB200481318 /* WeatherData */,
				32578E3C1B063D2500481318 /* WeatherDataKit.h */,
				32578E3A1B063D2500481318 /* Supporting Files */,
			);
			path = WeatherDataKit;
			sourceTree = "<group>";
		};
		32578E3A1B063D2500481318 /* Supporting Files */ = {
			isa = PBXGroup;
			children = (
				32578E3B1B063D2500481318 /* Info.plist */,
			);
			name = "Supporting Files";
			sourceTree = "<group>";
		};
		32578E481B063D2600481318 /* WeatherDataKitTests */ = {
			isa = PBXGroup;
			children = (
				32578E4B1B063D2600481318 /* WeatherDataKitTests.swift */,
				32578E491B063D2600481318 /* Supporting Files */,
			);
			path = WeatherDataKitTests;
			sourceTree = "<group>";
		};
		32578E491B063D2600481318 /* Supporting Files */ = {
			isa = PBXGroup;
			children = (
				32578E4A1B063D2600481318 /* Info.plist */,
			);
			name = "Supporting Files";
			sourceTree = "<group>";
		};
		32578E5E1B063DB200481318 /* WeatherData */ = {
			isa = PBXGroup;
			children = (
				32578E581B063D5A00481318 /* WeatherData.swift */,
				32578E591B063D5A00481318 /* WeatherDataViewController.swift */,
				32578E5A1B063D5A00481318 /* WeatherService.swift */,
			);
			name = WeatherData;
			sourceTree = "<group>";
		};
		32578E671B063FC300481318 /* Frameworks */ = {
			isa = PBXGroup;
			children = (
				32578E681B063FC300481318 /* NotificationCenter.framework */,
			);
			name = Frameworks;
			sourceTree = "<group>";
		};
		32578E6A1B063FC300481318 /* Weather Widget */ = {
			isa = PBXGroup;
			children = (
				32578E6D1B063FC300481318 /* TodayViewController.swift */,
				32578E6F1B063FC300481318 /* MainInterface.storyboard */,
				32578E6B1B063FC300481318 /* Supporting Files */,
			);
			path = "Weather Widget";
			sourceTree = "<group>";
		};
		32578E6B1B063FC300481318 /* Supporting Files */ = {
			isa = PBXGroup;
			children = (
				32578E6C1B063FC300481318 /* Info.plist */,
			);
			name = "Supporting Files";
			sourceTree = "<group>";
		};
/* End PBXGroup section */

/* Begin PBXHeadersBuildPhase section */
		32578E351B063D2500481318 /* Headers */ = {
			isa = PBXHeadersBuildPhase;
			buildActionMask = 2147483647;
			files = (
				32578E3D1B063D2500481318 /* WeatherDataKit.h in Headers */,
			);
			runOnlyForDeploymentPostprocessing = 0;
		};
/* End PBXHeadersBuildPhase section */

/* Begin PBXNativeTarget section */
		32578E011B06348600481318 /* DemoWeather */ = {
			isa = PBXNativeTarget;
			buildConfigurationList = 32578E211B06348600481318 /* Build configuration list for PBXNativeTarget "DemoWeather" */;
			buildPhases = (
				32578DFE1B06348600481318 /* Sources */,
				32578DFF1B06348600481318 /* Frameworks */,
				32578E001B06348600481318 /* Resources */,
				32578E541B063D2600481318 /* Embed Frameworks */,
				32578E771B063FC300481318 /* Embed App Extensions */,
			);
			buildRules = (
			);
			dependencies = (
				32578E4E1B063D2600481318 /* PBXTargetDependency */,
				32578E721B063FC300481318 /* PBXTargetDependency */,
			);
			name = DemoWeather;
			productName = DemoWeather;
			productReference = 32578E021B06348600481318 /* DemoWeather.app */;
			productType = "com.apple.product-type.application";
		};
		32578E161B06348600481318 /* DemoWeatherTests */ = {
			isa = PBXNativeTarget;
			buildConfigurationList = 32578E241B06348600481318 /* Build configuration list for PBXNativeTarget "DemoWeatherTests" */;
			buildPhases = (
				32578E131B06348600481318 /* Sources */,
				32578E141B06348600481318 /* Frameworks */,
				32578E151B06348600481318 /* Resources */,
			);
			buildRules = (
			);
			dependencies = (
				32578E191B06348600481318 /* PBXTargetDependency */,
			);
			name = DemoWeatherTests;
			productName = DemoWeatherTests;
			productReference = 32578E171B06348600481318 /* DemoWeatherTests.xctest */;
			productType = "com.apple.product-type.bundle.unit-test";
		};
		32578E371B063D2500481318 /* WeatherDataKit */ = {
			isa = PBXNativeTarget;
			buildConfigurationList = 32578E511B063D2600481318 /* Build configuration list for PBXNativeTarget "WeatherDataKit" */;
			buildPhases = (
				32578E331B063D2500481318 /* Sources */,
				32578E341B063D2500481318 /* Frameworks */,
				32578E351B063D2500481318 /* Headers */,
				32578E361B063D2500481318 /* Resources */,
			);
			buildRules = (
			);
			dependencies = (
			);
			name = WeatherDataKit;
			productName = WeatherDataKit;
			productReference = 32578E381B063D2500481318 /* WeatherDataKit.framework */;
			productType = "com.apple.product-type.framework";
		};
		32578E411B063D2600481318 /* WeatherDataKitTests */ = {
			isa = PBXNativeTarget;
			buildConfigurationList = 32578E551B063D2600481318 /* Build configuration list for PBXNativeTarget "WeatherDataKitTests" */;
			buildPhases = (
				32578E3E1B063D2600481318 /* Sources */,
				32578E3F1B063D2600481318 /* Frameworks */,
				32578E401B063D2600481318 /* Resources */,
			);
			buildRules = (
			);
			dependencies = (
				32578E451B063D2600481318 /* PBXTargetDependency */,
				32578E471B063D2600481318 /* PBXTargetDependency */,
			);
			name = WeatherDataKitTests;
			productName = WeatherDataKitTests;
			productReference = 32578E421B063D2600481318 /* WeatherDataKitTests.xctest */;
			productType = "com.apple.product-type.bundle.unit-test";
		};
		32578E651B063FC200481318 /* Weather Widget */ = {
			isa = PBXNativeTarget;
			buildConfigurationList = 32578E741B063FC300481318 /* Build configuration list for PBXNativeTarget "Weather Widget" */;
			buildPhases = (
				32578E621B063FC200481318 /* Sources */,
				32578E631B063FC200481318 /* Frameworks */,
				32578E641B063FC200481318 /* Resources */,
			);
			buildRules = (
			);
			dependencies = (
			);
			name = "Weather Widget";
			productName = "Weather Widget";
			productReference = 32578E661B063FC200481318 /* Weather Widget.appex */;
			productType = "com.apple.product-type.app-extension";
		};
/* End PBXNativeTarget section */

/* Begin PBXProject section */
		32578DFA1B06348600481318 /* Project object */ = {
			isa = PBXProject;
			attributes = {
				LastUpgradeCheck = 0630;
				ORGANIZATIONNAME = "Dima Yarmolchuk";
				TargetAttributes = {
					32578E011B06348600481318 = {
						CreatedOnToolsVersion = 6.3.1;
					};
					32578E161B06348600481318 = {
						CreatedOnToolsVersion = 6.3.1;
						TestTargetID = 32578E011B06348600481318;
					};
					32578E371B063D2500481318 = {
						CreatedOnToolsVersion = 6.3.1;
					};
					32578E411B063D2600481318 = {
						CreatedOnToolsVersion = 6.3.1;
						TestTargetID = 32578E011B06348600481318;
					};
					32578E651B063FC200481318 = {
						CreatedOnToolsVersion = 6.3.1;
					};
				};
			};
			buildConfigurationList = 32578DFD1B06348600481318 /* Build configuration list for PBXProject "DemoWeather" */;
			compatibilityVersion = "Xcode 3.2";
			developmentRegion = English;
			hasScannedForEncodings = 0;
			knownRegions = (
				en,
				Base,
			);
			mainGroup = 32578DF91B06348600481318;
			productRefGroup = 32578E031B06348600481318 /* Products */;
			projectDirPath = "";
			projectRoot = "";
			targets = (
				32578E011B06348600481318 /* DemoWeather */,
				32578E161B06348600481318 /* DemoWeatherTests */,
				32578E371B063D2500481318 /* WeatherDataKit */,
				32578E411B063D2600481318 /* WeatherDataKitTests */,
				32578E651B063FC200481318 /* Weather Widget */,
			);
		};
/* End PBXProject section */

/* Begin PBXResourcesBuildPhase section */
		32578E001B06348600481318 /* Resources */ = {
			isa = PBXResourcesBuildPhase;
			buildActionMask = 2147483647;
			files = (
				32578E2A1B06356600481318 /* RobotoCondensedBold.ttf in Resources */,
				32578E0D1B06348600481318 /* Main.storyboard in Resources */,
				32578E121B06348600481318 /* LaunchScreen.xib in Resources */,
				32578E2B1B06356600481318 /* RobotoCondensedLight.ttf in Resources */,
				32578E2C1B06356600481318 /* RobotoCondensedRegular.ttf in Resources */,
				32578E0F1B06348600481318 /* Images.xcassets in Resources */,
			);
			runOnlyForDeploymentPostprocessing = 0;
		};
		32578E151B06348600481318 /* Resources */ = {
			isa = PBXResourcesBuildPhase;
			buildActionMask = 2147483647;
			files = (
			);
			runOnlyForDeploymentPostprocessing = 0;
		};
		32578E361B063D2500481318 /* Resources */ = {
			isa = PBXResourcesBuildPhase;
			buildActionMask = 2147483647;
			files = (
			);
			runOnlyForDeploymentPostprocessing = 0;
		};
		32578E401B063D2600481318 /* Resources */ = {
			isa = PBXResourcesBuildPhase;
			buildActionMask = 2147483647;
			files = (
			);
			runOnlyForDeploymentPostprocessing = 0;
		};
		32578E641B063FC200481318 /* Resources */ = {
			isa = PBXResourcesBuildPhase;
			buildActionMask = 2147483647;
			files = (
				32578E701B063FC300481318 /* MainInterface.storyboard in Resources */,
				32578E781B06412800481318 /* Images.xcassets in Resources */,
			);
			runOnlyForDeploymentPostprocessing = 0;
		};
/* End PBXResourcesBuildPhase section */

/* Begin PBXSourcesBuildPhase section */
		32578DFE1B06348600481318 /* Sources */ = {
			isa = PBXSourcesBuildPhase;
			buildActionMask = 2147483647;
			files = (
				32578E0A1B06348600481318 /* ViewController.swift in Sources */,
				32578E081B06348600481318 /* AppDelegate.swift in Sources */,
			);
			runOnlyForDeploymentPostprocessing = 0;
		};
		32578E131B06348600481318 /* Sources */ = {
			isa = PBXSourcesBuildPhase;
			buildActionMask = 2147483647;
			files = (
				32578E1E1B06348600481318 /* DemoWeatherTests.swift in Sources */,
			);
			runOnlyForDeploymentPostprocessing = 0;
		};
		32578E331B063D2500481318 /* Sources */ = {
			isa = PBXSourcesBuildPhase;
			buildActionMask = 2147483647;
			files = (
				32578E5B1B063D5A00481318 /* WeatherData.swift in Sources */,
				32578E5D1B063D5A00481318 /* WeatherService.swift in Sources */,
				32578E5C1B063D5A00481318 /* WeatherDataViewController.swift in Sources */,
			);
			runOnlyForDeploymentPostprocessing = 0;
		};
		32578E3E1B063D2600481318 /* Sources */ = {
			isa = PBXSourcesBuildPhase;
			buildActionMask = 2147483647;
			files = (
				32578E4C1B063D2600481318 /* WeatherDataKitTests.swift in Sources */,
			);
			runOnlyForDeploymentPostprocessing = 0;
		};
		32578E621B063FC200481318 /* Sources */ = {
			isa = PBXSourcesBuildPhase;
			buildActionMask = 2147483647;
			files = (
				32578E6E1B063FC300481318 /* TodayViewController.swift in Sources */,
			);
			runOnlyForDeploymentPostprocessing = 0;
		};
/* End PBXSourcesBuildPhase section */

/* Begin PBXTargetDependency section */
		32578E191B06348600481318 /* PBXTargetDependency */ = {
			isa = PBXTargetDependency;
			target = 32578E011B06348600481318 /* DemoWeather */;
			targetProxy = 32578E181B06348600481318 /* PBXContainerItemProxy */;
		};
		32578E451B063D2600481318 /* PBXTargetDependency */ = {
			isa = PBXTargetDependency;
			target = 32578E371B063D2500481318 /* WeatherDataKit */;
			targetProxy = 32578E441B063D2600481318 /* PBXContainerItemProxy */;
		};
		32578E471B063D2600481318 /* PBXTargetDependency */ = {
			isa = PBXTargetDependency;
			target = 32578E011B06348600481318 /* DemoWeather */;
			targetProxy = 32578E461B063D2600481318 /* PBXContainerItemProxy */;
		};
		32578E4E1B063D2600481318 /* PBXTargetDependency */ = {
			isa = PBXTargetDependency;
			target = 32578E371B063D2500481318 /* WeatherDataKit */;
			targetProxy = 32578E4D1B063D2600481318 /* PBXContainerItemProxy */;
		};
		32578E721B063FC300481318 /* PBXTargetDependency */ = {
			isa = PBXTargetDependency;
			target = 32578E651B063FC200481318 /* Weather Widget */;
			targetProxy = 32578E711B063FC300481318 /* PBXContainerItemProxy */;
		};
/* End PBXTargetDependency section */

/* Begin PBXVariantGroup section */
		32578E0B1B06348600481318 /* Main.storyboard */ = {
			isa = PBXVariantGroup;
			children = (
				32578E0C1B06348600481318 /* Base */,
			);
			name = Main.storyboard;
			sourceTree = "<group>";
		};
		32578E101B06348600481318 /* LaunchScreen.xib */ = {
			isa = PBXVariantGroup;
			children = (
				32578E111B06348600481318 /* Base */,
			);
			name = LaunchScreen.xib;
			sourceTree = "<group>";
		};
/* End PBXVariantGroup section */

/* Begin XCBuildConfiguration section */
		32578E1F1B06348600481318 /* Debug */ = {
			isa = XCBuildConfiguration;
			buildSettings = {
				ALWAYS_SEARCH_USER_PATHS = NO;
				CLANG_CXX_LANGUAGE_STANDARD = "gnu++0x";
				CLANG_CXX_LIBRARY = "libc++";
				CLANG_ENABLE_MODULES = YES;
				CLANG_ENABLE_OBJC_ARC = YES;
				CLANG_WARN_BOOL_CONVERSION = YES;
				CLANG_WARN_CONSTANT_CONVERSION = YES;
				CLANG_WARN_DIRECT_OBJC_ISA_USAGE = YES_ERROR;
				CLANG_WARN_EMPTY_BODY = YES;
				CLANG_WARN_ENUM_CONVERSION = YES;
				CLANG_WARN_INT_CONVERSION = YES;
				CLANG_WARN_OBJC_ROOT_CLASS = YES_ERROR;
				CLANG_WARN_UNREACHABLE_CODE = YES;
				CLANG_WARN__DUPLICATE_METHOD_MATCH = YES;
				"CODE_SIGN_IDENTITY[sdk=iphoneos*]" = "iPhone Developer";
				COPY_PHASE_STRIP = NO;
				DEBUG_INFORMATION_FORMAT = "dwarf-with-dsym";
				ENABLE_STRICT_OBJC_MSGSEND = YES;
				GCC_C_LANGUAGE_STANDARD = gnu99;
				GCC_DYNAMIC_NO_PIC = NO;
				GCC_NO_COMMON_BLOCKS = YES;
				GCC_OPTIMIZATION_LEVEL = 0;
				GCC_PREPROCESSOR_DEFINITIONS = (
					"DEBUG=1",
					"$(inherited)",
				);
				GCC_SYMBOLS_PRIVATE_EXTERN = NO;
				GCC_WARN_64_TO_32_BIT_CONVERSION = YES;
				GCC_WARN_ABOUT_RETURN_TYPE = YES_ERROR;
				GCC_WARN_UNDECLARED_SELECTOR = YES;
				GCC_WARN_UNINITIALIZED_AUTOS = YES_AGGRESSIVE;
				GCC_WARN_UNUSED_FUNCTION = YES;
				GCC_WARN_UNUSED_VARIABLE = YES;
				IPHONEOS_DEPLOYMENT_TARGET = 8.3;
				MTL_ENABLE_DEBUG_INFO = YES;
				ONLY_ACTIVE_ARCH = YES;
				SDKROOT = iphoneos;
				SWIFT_OPTIMIZATION_LEVEL = "-Onone";
			};
			name = Debug;
		};
		32578E201B06348600481318 /* Release */ = {
			isa = XCBuildConfiguration;
			buildSettings = {
				ALWAYS_SEARCH_USER_PATHS = NO;
				CLANG_CXX_LANGUAGE_STANDARD = "gnu++0x";
				CLANG_CXX_LIBRARY = "libc++";
				CLANG_ENABLE_MODULES = YES;
				CLANG_ENABLE_OBJC_ARC = YES;
				CLANG_WARN_BOOL_CONVERSION = YES;
				CLANG_WARN_CONSTANT_CONVERSION = YES;
				CLANG_WARN_DIRECT_OBJC_ISA_USAGE = YES_ERROR;
				CLANG_WARN_EMPTY_BODY = YES;
				CLANG_WARN_ENUM_CONVERSION = YES;
				CLANG_WARN_INT_CONVERSION = YES;
				CLANG_WARN_OBJC_ROOT_CLASS = YES_ERROR;
				CLANG_WARN_UNREACHABLE_CODE = YES;
				CLANG_WARN__DUPLICATE_METHOD_MATCH = YES;
				"CODE_SIGN_IDENTITY[sdk=iphoneos*]" = "iPhone Developer";
				COPY_PHASE_STRIP = NO;
				DEBUG_INFORMATION_FORMAT = "dwarf-with-dsym";
				ENABLE_NS_ASSERTIONS = NO;
				ENABLE_STRICT_OBJC_MSGSEND = YES;
				GCC_C_LANGUAGE_STANDARD = gnu99;
				GCC_NO_COMMON_BLOCKS = YES;
				GCC_WARN_64_TO_32_BIT_CONVERSION = YES;
				GCC_WARN_ABOUT_RETURN_TYPE = YES_ERROR;
				GCC_WARN_UNDECLARED_SELECTOR = YES;
				GCC_WARN_UNINITIALIZED_AUTOS = YES_AGGRESSIVE;
				GCC_WARN_UNUSED_FUNCTION = YES;
				GCC_WARN_UNUSED_VARIABLE = YES;
				IPHONEOS_DEPLOYMENT_TARGET = 8.3;
				MTL_ENABLE_DEBUG_INFO = NO;
				SDKROOT = iphoneos;
				VALIDATE_PRODUCT = YES;
			};
			name = Release;
		};
		32578E221B06348600481318 /* Debug */ = {
			isa = XCBuildConfiguration;
			buildSettings = {
				ASSETCATALOG_COMPILER_APPICON_NAME = AppIcon;
				INFOPLIST_FILE = DemoWeather/Info.plist;
				LD_RUNPATH_SEARCH_PATHS = "$(inherited) @executable_path/Frameworks";
				PRODUCT_NAME = "$(TARGET_NAME)";
			};
			name = Debug;
		};
		32578E231B06348600481318 /* Release */ = {
			isa = XCBuildConfiguration;
			buildSettings = {
				ASSETCATALOG_COMPILER_APPICON_NAME = AppIcon;
				INFOPLIST_FILE = DemoWeather/Info.plist;
				LD_RUNPATH_SEARCH_PATHS = "$(inherited) @executable_path/Frameworks";
				PRODUCT_NAME = "$(TARGET_NAME)";
			};
			name = Release;
		};
		32578E251B06348600481318 /* Debug */ = {
			isa = XCBuildConfiguration;
			buildSettings = {
				BUNDLE_LOADER = "$(TEST_HOST)";
				FRAMEWORK_SEARCH_PATHS = (
					"$(SDKROOT)/Developer/Library/Frameworks",
					"$(inherited)",
				);
				GCC_PREPROCESSOR_DEFINITIONS = (
					"DEBUG=1",
					"$(inherited)",
				);
				INFOPLIST_FILE = DemoWeatherTests/Info.plist;
				LD_RUNPATH_SEARCH_PATHS = "$(inherited) @executable_path/Frameworks @loader_path/Frameworks";
				PRODUCT_NAME = "$(TARGET_NAME)";
				TEST_HOST = "$(BUILT_PRODUCTS_DIR)/DemoWeather.app/DemoWeather";
			};
			name = Debug;
		};
		32578E261B06348600481318 /* Release */ = {
			isa = XCBuildConfiguration;
			buildSettings = {
				BUNDLE_LOADER = "$(TEST_HOST)";
				FRAMEWORK_SEARCH_PATHS = (
					"$(SDKROOT)/Developer/Library/Frameworks",
					"$(inherited)",
				);
				INFOPLIST_FILE = DemoWeatherTests/Info.plist;
				LD_RUNPATH_SEARCH_PATHS = "$(inherited) @executable_path/Frameworks @loader_path/Frameworks";
				PRODUCT_NAME = "$(TARGET_NAME)";
				TEST_HOST = "$(BUILT_PRODUCTS_DIR)/DemoWeather.app/DemoWeather";
			};
			name = Release;
		};
		32578E521B063D2600481318 /* Debug */ = {
			isa = XCBuildConfiguration;
			buildSettings = {
				CLANG_ENABLE_MODULES = YES;
				CURRENT_PROJECT_VERSION = 1;
				DEFINES_MODULE = YES;
				DYLIB_COMPATIBILITY_VERSION = 1;
				DYLIB_CURRENT_VERSION = 1;
				DYLIB_INSTALL_NAME_BASE = "@rpath";
				GCC_PREPROCESSOR_DEFINITIONS = (
					"DEBUG=1",
					"$(inherited)",
				);
				INFOPLIST_FILE = WeatherDataKit/Info.plist;
				INSTALL_PATH = "$(LOCAL_LIBRARY_DIR)/Frameworks";
				LD_RUNPATH_SEARCH_PATHS = "$(inherited) @executable_path/Frameworks @loader_path/Frameworks";
				PRODUCT_NAME = "$(TARGET_NAME)";
				SKIP_INSTALL = YES;
				SWIFT_OPTIMIZATION_LEVEL = "-Onone";
				TARGETED_DEVICE_FAMILY = "1,2";
				VERSIONING_SYSTEM = "apple-generic";
				VERSION_INFO_PREFIX = "";
			};
			name = Debug;
		};
		32578E531B063D2600481318 /* Release */ = {
			isa = XCBuildConfiguration;
			buildSettings = {
				CLANG_ENABLE_MODULES = YES;
				CURRENT_PROJECT_VERSION = 1;
				DEFINES_MODULE = YES;
				DYLIB_COMPATIBILITY_VERSION = 1;
				DYLIB_CURRENT_VERSION = 1;
				DYLIB_INSTALL_NAME_BASE = "@rpath";
				INFOPLIST_FILE = WeatherDataKit/Info.plist;
				INSTALL_PATH = "$(LOCAL_LIBRARY_DIR)/Frameworks";
				LD_RUNPATH_SEARCH_PATHS = "$(inherited) @executable_path/Frameworks @loader_path/Frameworks";
				PRODUCT_NAME = "$(TARGET_NAME)";
				SKIP_INSTALL = YES;
				TARGETED_DEVICE_FAMILY = "1,2";
				VERSIONING_SYSTEM = "apple-generic";
				VERSION_INFO_PREFIX = "";
			};
			name = Release;
		};
		32578E561B063D2600481318 /* Debug */ = {
			isa = XCBuildConfiguration;
			buildSettings = {
				FRAMEWORK_SEARCH_PATHS = (
					"$(SDKROOT)/Developer/Library/Frameworks",
					"$(inherited)",
				);
				GCC_PREPROCESSOR_DEFINITIONS = (
					"DEBUG=1",
					"$(inherited)",
				);
				INFOPLIST_FILE = WeatherDataKitTests/Info.plist;
				LD_RUNPATH_SEARCH_PATHS = "$(inherited) @executable_path/Frameworks @loader_path/Frameworks";
				PRODUCT_NAME = "$(TARGET_NAME)";
				TEST_HOST = "$(BUILT_PRODUCTS_DIR)/DemoWeather.app/DemoWeather";
			};
			name = Debug;
		};
		32578E571B063D2600481318 /* Release */ = {
			isa = XCBuildConfiguration;
			buildSettings = {
				FRAMEWORK_SEARCH_PATHS = (
					"$(SDKROOT)/Developer/Library/Frameworks",
					"$(inherited)",
				);
				INFOPLIST_FILE = WeatherDataKitTests/Info.plist;
				LD_RUNPATH_SEARCH_PATHS = "$(inherited) @executable_path/Frameworks @loader_path/Frameworks";
				PRODUCT_NAME = "$(TARGET_NAME)";
				TEST_HOST = "$(BUILT_PRODUCTS_DIR)/DemoWeather.app/DemoWeather";
			};
			name = Release;
		};
		32578E751B063FC300481318 /* Debug */ = {
			isa = XCBuildConfiguration;
			buildSettings = {
				GCC_PREPROCESSOR_DEFINITIONS = (
					"DEBUG=1",
					"$(inherited)",
				);
				INFOPLIST_FILE = "Weather Widget/Info.plist";
				LD_RUNPATH_SEARCH_PATHS = "$(inherited) @executable_path/Frameworks @executable_path/../../Frameworks";
				PRODUCT_NAME = "$(TARGET_NAME)";
				SKIP_INSTALL = YES;
			};
			name = Debug;
		};
		32578E761B063FC300481318 /* Release */ = {
			isa = XCBuildConfiguration;
			buildSettings = {
				INFOPLIST_FILE = "Weather Widget/Info.plist";
				LD_RUNPATH_SEARCH_PATHS = "$(inherited) @executable_path/Frameworks @executable_path/../../Frameworks";
				PRODUCT_NAME = "$(TARGET_NAME)";
				SKIP_INSTALL = YES;
			};
			name = Release;
		};
/* End XCBuildConfiguration section */

/* Begin XCConfigurationList section */
		32578DFD1B06348600481318 /* Build configuration list for PBXProject "DemoWeather" */ = {
			isa = XCConfigurationList;
			buildConfigurations = (
				32578E1F1B06348600481318 /* Debug */,
				32578E201B06348600481318 /* Release */,
			);
			defaultConfigurationIsVisible = 0;
			defaultConfigurationName = Release;
		};
		32578E211B06348600481318 /* Build configuration list for PBXNativeTarget "DemoWeather" */ = {
			isa = XCConfigurationList;
			buildConfigurations = (
				32578E221B06348600481318 /* Debug */,
				32578E231B06348600481318 /* Release */,
			);
			defaultConfigurationIsVisible = 0;
		};
		32578E241B06348600481318 /* Build configuration list for PBXNativeTarget "DemoWeatherTests" */ = {
			isa = XCConfigurationList;
			buildConfigurations = (
				32578E251B06348600481318 /* Debug */,
				32578E261B06348600481318 /* Release */,
			);
			defaultConfigurationIsVisible = 0;
		};
		32578E511B063D2600481318 /* Build configuration list for PBXNativeTarget "WeatherDataKit" */ = {
			isa = XCConfigurationList;
			buildConfigurations = (
				32578E521B063D2600481318 /* Debug */,
				32578E531B063D2600481318 /* Release */,
			);
			defaultConfigurationIsVisible = 0;
		};
		32578E551B063D2600481318 /* Build configuration list for PBXNativeTarget "WeatherDataKitTests" */ = {
			isa = XCConfigurationList;
			buildConfigurations = (
				32578E561B063D2600481318 /* Debug */,
				32578E571B063D2600481318 /* Release */,
			);
			defaultConfigurationIsVisible = 0;
		};
		32578E741B063FC300481318 /* Build configuration list for PBXNativeTarget "Weather Widget" */ = {
			isa = XCConfigurationList;
			buildConfigurations = (
				32578E751B063FC300481318 /* Debug */,
				32578E761B063FC300481318 /* Release */,
			);
			defaultConfigurationIsVisible = 0;
		};
/* End XCConfigurationList section */
	};
	rootObject = 32578DFA1B06348600481318 /* Project object */;
}
